
Microsoft Visual Studio Solution File, Format Version 12.00
# Visual Studio Version 16
VisualStudioVersion = 16.0.29613.14
MinimumVisualStudioVersion = 10.0.40219.1
Project("{8BC9CEB8-8B4A-11D0-8D11-00A0C91BC942}") = "Equations of mathematical physics", "Equations of mathematical physics\Equations of mathematical physics.vcxproj", "{40A8BCB5-6E5A-4781-AAD7-35DE301D2715}"
EndProject
Global
	GlobalSection(SolutionConfigurationPlatforms) = preSolution
		Debug|x64 = Debug|x64
		Debug|x86 = Debug|x86
		Release|x64 = Release|x64
		Release|x86 = Release|x86
	EndGlobalSection
	GlobalSection(ProjectConfigurationPlatforms) = postSolution
		{40A8BCB5-6E5A-4781-AAD7-35DE301D2715}.Debug|x64.ActiveCfg = Debug|x64
		{40A8BCB5-6E5A-4781-AAD7-35DE301D2715}.Debug|x64.Build.0 = Debug|x64
		{40A8BCB5-6E5A-4781-AAD7-35DE301D2715}.Debug|x86.ActiveCfg = Debug|Win32
		{40A8BCB5-6E5A-4781-AAD7-35DE301D2715}.Debug|x86.Build.0 = Debug|Win32
		{40A8BCB5-6E5A-4781-AAD7-35DE301D2715}.Release|x64.ActiveCfg = Release|x64
		{40A8BCB5-6E5A-4781-AAD7-35DE301D2715}.Release|x64.Build.0 = Release|x64
		{40A8BCB5-6E5A-4781-AAD7-35DE301D2715}.Release|x86.ActiveCfg = Release|Win32
		{40A8BCB5-6E5A-4781-AAD7-35DE301D2715}.Release|x86.Build.0 = Release|Win32
	EndGlobalSection
	GlobalSection(SolutionProperties) = preSolution
		HideSolutionNode = FALSE
	EndGlobalSection
	GlobalSection(ExtensibilityGlobals) = postSolution
		SolutionGuid = {A165520F-FBC4-4121-8758-C1A7E2B19EF4}
	EndGlobalSection
EndGlobal
